
Microsoft Visual Studio Solution File, Format Version 12.00
# Visual Studio Version 17
VisualStudioVersion = 17.1.32228.430
MinimumVisualStudioVersion = 10.0.40219.1
Project("{FAE04EC0-301F-11D3-BF4B-00C04F79EFBC}") = "LINQ_Factorial_Fibonacci", "LINQ_Factorial_Fibonacci\LINQ_Factorial_Fibonacci.csproj", "{DEA49112-CDC0-4C41-9E11-1F1A4404C102}"
EndProject
Global
	GlobalSection(SolutionConfigurationPlatforms) = preSolution
		Debug|Any CPU = Debug|Any CPU
		Release|Any CPU = Release|Any CPU
	EndGlobalSection
	GlobalSection(ProjectConfigurationPlatforms) = postSolution
		{DEA49112-CDC0-4C41-9E11-1F1A4404C102}.Debug|Any CPU.ActiveCfg = Debug|Any CPU
		{DEA49112-CDC0-4C41-9E11-1F1A4404C102}.Debug|Any CPU.Build.0 = Debug|Any CPU
		{DEA49112-CDC0-4C41-9E11-1F1A4404C102}.Release|Any CPU.ActiveCfg = Release|Any CPU
		{DEA49112-CDC0-4C41-9E11-1F1A4404C102}.Release|Any CPU.Build.0 = Release|Any CPU
	EndGlobalSection
	GlobalSection(SolutionProperties) = preSolution
		HideSolutionNode = FALSE
	EndGlobalSection
	GlobalSection(ExtensibilityGlobals) = postSolution
		SolutionGuid = {D4D798B4-DF55-4C81-A6AD-9DAA1F6596D9}
	EndGlobalSection
EndGlobal
